
Microsoft Visual Studio Solution File, Format Version 12.00
# Visual Studio Version 16
VisualStudioVersion = 16.0.32929.386
MinimumVisualStudioVersion = 10.0.40219.1
Project("{FAE04EC0-301F-11D3-BF4B-00C04F79EFBC}") = "zad16", "zad16\zad16.csproj", "{394C37C9-DFAC-42C6-82EE-5E4112B5D747}"
EndProject
Global
	GlobalSection(SolutionConfigurationPlatforms) = preSolution
		Debug|Any CPU = Debug|Any CPU
		Release|Any CPU = Release|Any CPU
	EndGlobalSection
	GlobalSection(ProjectConfigurationPlatforms) = postSolution
		{394C37C9-DFAC-42C6-82EE-5E4112B5D747}.Debug|Any CPU.ActiveCfg = Debug|Any CPU
		{394C37C9-DFAC-42C6-82EE-5E4112B5D747}.Debug|Any CPU.Build.0 = Debug|Any CPU
		{394C37C9-DFAC-42C6-82EE-5E4112B5D747}.Release|Any CPU.ActiveCfg = Release|Any CPU
		{394C37C9-DFAC-42C6-82EE-5E4112B5D747}.Release|Any CPU.Build.0 = Release|Any CPU
	EndGlobalSection
	GlobalSection(SolutionProperties) = preSolution
		HideSolutionNode = FALSE
	EndGlobalSection
	GlobalSection(ExtensibilityGlobals) = postSolution
		SolutionGuid = {F2EBC71E-5F5D-4D00-A2D1-CE220F0DB8CC}
	EndGlobalSection
EndGlobal
