
Microsoft Visual Studio Solution File, Format Version 12.00
# Visual Studio Version 16
VisualStudioVersion = 16.0.32929.386
MinimumVisualStudioVersion = 10.0.40219.1
Project("{FAE04EC0-301F-11D3-BF4B-00C04F79EFBC}") = "zad19", "zad19\zad19.csproj", "{10375073-F06E-4D4A-8095-4941384B8B12}"
EndProject
Global
	GlobalSection(SolutionConfigurationPlatforms) = preSolution
		Debug|Any CPU = Debug|Any CPU
		Release|Any CPU = Release|Any CPU
	EndGlobalSection
	GlobalSection(ProjectConfigurationPlatforms) = postSolution
		{10375073-F06E-4D4A-8095-4941384B8B12}.Debug|Any CPU.ActiveCfg = Debug|Any CPU
		{10375073-F06E-4D4A-8095-4941384B8B12}.Debug|Any CPU.Build.0 = Debug|Any CPU
		{10375073-F06E-4D4A-8095-4941384B8B12}.Release|Any CPU.ActiveCfg = Release|Any CPU
		{10375073-F06E-4D4A-8095-4941384B8B12}.Release|Any CPU.Build.0 = Release|Any CPU
	EndGlobalSection
	GlobalSection(SolutionProperties) = preSolution
		HideSolutionNode = FALSE
	EndGlobalSection
	GlobalSection(ExtensibilityGlobals) = postSolution
		SolutionGuid = {FAE79BAC-FFBF-40C7-8D2F-3A1E8A9B5139}
	EndGlobalSection
EndGlobal
